github.com/oluatosn-test-org/private-dependency v0.0.0-20231109075121-0164cc79dc5d h1:PX4RQiIo6v+nwNJJb0hKybrF4WqhqJ7ZpUCHuU4cK3k=
github.com/oluatosn-test-org/private-dependency v0.0.0-20231109075121-0164cc79dc5d/go.mod h1:8G/pYlYBAeeya93GHM1NCILm4Zr+OSKjvwhmRwp+xXg=
github.com/oluatosn-test-org/private-dependency v0.0.0-20231109080130-a539c05c3b61 h1:3rzl50IfYX//Vd71gbALKraBww/ZyhYIJljvC+0l8DU=
github.com/oluatosn-test-org/private-dependency v0.0.0-20231109080130-a539c05c3b61/go.mod h1:8G/pYlYBAeeya93GHM1NCILm4Zr+OSKjvwhmRwp+xXg=
